
Microsoft Visual Studio Solution File, Format Version 12.00
# Visual Studio Version 16
VisualStudioVersion = 16.0.30611.23
MinimumVisualStudioVersion = 10.0.40219.1
Project("{FAE04EC0-301F-11D3-BF4B-00C04F79EFBC}") = "4. Push and Pop Prob.1", "4. Push and Pop Prob.1\4. Push and Pop Prob.1.csproj", "{4383E11F-D594-4360-A2C1-2C36DC667DC6}"
EndProject
Global
	GlobalSection(SolutionConfigurationPlatforms) = preSolution
		Debug|Any CPU = Debug|Any CPU
		Release|Any CPU = Release|Any CPU
	EndGlobalSection
	GlobalSection(ProjectConfigurationPlatforms) = postSolution
		{4383E11F-D594-4360-A2C1-2C36DC667DC6}.Debug|Any CPU.ActiveCfg = Debug|Any CPU
		{4383E11F-D594-4360-A2C1-2C36DC667DC6}.Debug|Any CPU.Build.0 = Debug|Any CPU
		{4383E11F-D594-4360-A2C1-2C36DC667DC6}.Release|Any CPU.ActiveCfg = Release|Any CPU
		{4383E11F-D594-4360-A2C1-2C36DC667DC6}.Release|Any CPU.Build.0 = Release|Any CPU
	EndGlobalSection
	GlobalSection(SolutionProperties) = preSolution
		HideSolutionNode = FALSE
	EndGlobalSection
	GlobalSection(ExtensibilityGlobals) = postSolution
		SolutionGuid = {CE85F3A9-E51E-4045-96DB-E11FE9B38AA8}
	EndGlobalSection
EndGlobal
